
Microsoft Visual Studio Solution File, Format Version 12.00
# Visual Studio Version 17
VisualStudioVersion = 17.1.32414.318
MinimumVisualStudioVersion = 10.0.40219.1
Project("{FAE04EC0-301F-11D3-BF4B-00C04F79EFBC}") = "StringMeAlong_InstanceVersion_Roberts", "StringMeAlong_InstanceVersion_Roberts\StringMeAlong_InstanceVersion_Roberts.csproj", "{1821ABE2-0ACD-4352-B328-7E989AAA950D}"
EndProject
Global
	GlobalSection(SolutionConfigurationPlatforms) = preSolution
		Debug|Any CPU = Debug|Any CPU
		Release|Any CPU = Release|Any CPU
	EndGlobalSection
	GlobalSection(ProjectConfigurationPlatforms) = postSolution
		{1821ABE2-0ACD-4352-B328-7E989AAA950D}.Debug|Any CPU.ActiveCfg = Debug|Any CPU
		{1821ABE2-0ACD-4352-B328-7E989AAA950D}.Debug|Any CPU.Build.0 = Debug|Any CPU
		{1821ABE2-0ACD-4352-B328-7E989AAA950D}.Release|Any CPU.ActiveCfg = Release|Any CPU
		{1821ABE2-0ACD-4352-B328-7E989AAA950D}.Release|Any CPU.Build.0 = Release|Any CPU
	EndGlobalSection
	GlobalSection(SolutionProperties) = preSolution
		HideSolutionNode = FALSE
	EndGlobalSection
	GlobalSection(ExtensibilityGlobals) = postSolution
		SolutionGuid = {0042F3EE-78D5-4834-A7FE-14146CF2CCFC}
	EndGlobalSection
EndGlobal
